
Microsoft Visual Studio Solution File, Format Version 12.00
# Visual Studio 14
VisualStudioVersion = 14.0.25123.0
MinimumVisualStudioVersion = 10.0.40219.1
Project("{2150E333-8FDC-42A3-9474-1A3956D46DE8}") = "src", "src", "{82B9520C-0F46-42CC-B719-8154B2378D28}"
EndProject
Project("{2150E333-8FDC-42A3-9474-1A3956D46DE8}") = "Solution Items", "Solution Items", "{0C8B67E0-27F6-46A3-9711-BA9C80056461}"
	ProjectSection(SolutionItems) = preProject
		global.json = global.json
	EndProjectSection
EndProject
Project("{8BB2217D-0F2D-49D1-97BC-3654ED321F3B}") = "Dnxt", "src\Dnxt\Dnxt.xproj", "{316AAC58-8963-4BE0-BC9F-3ABDF345806D}"
EndProject
Project("{8BB2217D-0F2D-49D1-97BC-3654ED321F3B}") = "Dnxt.DtoGeneration", "src\Dnxt.DtoGeneration\Dnxt.DtoGeneration.xproj", "{08CDF84F-10F8-464C-9BB9-97FB88430661}"
EndProject
Project("{8BB2217D-0F2D-49D1-97BC-3654ED321F3B}") = "Dnxt.Tests", "src\Dnxt.Tests\Dnxt.Tests.xproj", "{E02E0088-A1AE-463F-B68B-1C09C5CDDD23}"
EndProject
Project("{8BB2217D-0F2D-49D1-97BC-3654ED321F3B}") = "Dnxt.Logging", "src\Dnxt.Logging\Dnxt.Logging.xproj", "{3BBD3BAF-BEBB-43C6-8DD3-1E51B471F5B2}"
EndProject
Project("{8BB2217D-0F2D-49D1-97BC-3654ED321F3B}") = "Dnxt.Messaging.RabbitMq", "src\Dnxt.Messaging.RabbitMq\Dnxt.Messaging.RabbitMq.xproj", "{D744CD29-0775-4986-A298-69B063E1BFBD}"
EndProject
Global
	GlobalSection(SolutionConfigurationPlatforms) = preSolution
		Debug|Any CPU = Debug|Any CPU
		Release|Any CPU = Release|Any CPU
	EndGlobalSection
	GlobalSection(ProjectConfigurationPlatforms) = postSolution
		{316AAC58-8963-4BE0-BC9F-3ABDF345806D}.Debug|Any CPU.ActiveCfg = Debug|Any CPU
		{316AAC58-8963-4BE0-BC9F-3ABDF345806D}.Debug|Any CPU.Build.0 = Debug|Any CPU
		{316AAC58-8963-4BE0-BC9F-3ABDF345806D}.Release|Any CPU.ActiveCfg = Release|Any CPU
		{316AAC58-8963-4BE0-BC9F-3ABDF345806D}.Release|Any CPU.Build.0 = Release|Any CPU
		{08CDF84F-10F8-464C-9BB9-97FB88430661}.Debug|Any CPU.ActiveCfg = Debug|Any CPU
		{08CDF84F-10F8-464C-9BB9-97FB88430661}.Debug|Any CPU.Build.0 = Debug|Any CPU
		{08CDF84F-10F8-464C-9BB9-97FB88430661}.Release|Any CPU.ActiveCfg = Release|Any CPU
		{08CDF84F-10F8-464C-9BB9-97FB88430661}.Release|Any CPU.Build.0 = Release|Any CPU
		{E02E0088-A1AE-463F-B68B-1C09C5CDDD23}.Debug|Any CPU.ActiveCfg = Debug|Any CPU
		{E02E0088-A1AE-463F-B68B-1C09C5CDDD23}.Debug|Any CPU.Build.0 = Debug|Any CPU
		{E02E0088-A1AE-463F-B68B-1C09C5CDDD23}.Release|Any CPU.ActiveCfg = Release|Any CPU
		{E02E0088-A1AE-463F-B68B-1C09C5CDDD23}.Release|Any CPU.Build.0 = Release|Any CPU
		{3BBD3BAF-BEBB-43C6-8DD3-1E51B471F5B2}.Debug|Any CPU.ActiveCfg = Debug|Any CPU
		{3BBD3BAF-BEBB-43C6-8DD3-1E51B471F5B2}.Debug|Any CPU.Build.0 = Debug|Any CPU
		{3BBD3BAF-BEBB-43C6-8DD3-1E51B471F5B2}.Release|Any CPU.ActiveCfg = Release|Any CPU
		{3BBD3BAF-BEBB-43C6-8DD3-1E51B471F5B2}.Release|Any CPU.Build.0 = Release|Any CPU
		{D744CD29-0775-4986-A298-69B063E1BFBD}.Debug|Any CPU.ActiveCfg = Debug|Any CPU
		{D744CD29-0775-4986-A298-69B063E1BFBD}.Debug|Any CPU.Build.0 = Debug|Any CPU
		{D744CD29-0775-4986-A298-69B063E1BFBD}.Release|Any CPU.ActiveCfg = Release|Any CPU
		{D744CD29-0775-4986-A298-69B063E1BFBD}.Release|Any CPU.Build.0 = Release|Any CPU
	EndGlobalSection
	GlobalSection(SolutionProperties) = preSolution
		HideSolutionNode = FALSE
	EndGlobalSection
	GlobalSection(NestedProjects) = preSolution
		{316AAC58-8963-4BE0-BC9F-3ABDF345806D} = {82B9520C-0F46-42CC-B719-8154B2378D28}
		{08CDF84F-10F8-464C-9BB9-97FB88430661} = {82B9520C-0F46-42CC-B719-8154B2378D28}
		{E02E0088-A1AE-463F-B68B-1C09C5CDDD23} = {82B9520C-0F46-42CC-B719-8154B2378D28}
		{3BBD3BAF-BEBB-43C6-8DD3-1E51B471F5B2} = {82B9520C-0F46-42CC-B719-8154B2378D28}
		{D744CD29-0775-4986-A298-69B063E1BFBD} = {82B9520C-0F46-42CC-B719-8154B2378D28}
	EndGlobalSection
EndGlobal
